
Microsoft Visual Studio Solution File, Format Version 12.00
# Visual Studio Version 17
VisualStudioVersion = 17.5.002.0
MinimumVisualStudioVersion = 10.0.40219.1
Project("{9A19103F-16F7-4668-BE54-9A1E7A4F7556}") = "C# criando sua primeira aplicaçao", "C# criando sua primeira aplicaçao.csproj", "{EACE74BD-7537-4315-88F0-FEE1955172F7}"
EndProject
Global
	GlobalSection(SolutionConfigurationPlatforms) = preSolution
		Debug|Any CPU = Debug|Any CPU
		Release|Any CPU = Release|Any CPU
	EndGlobalSection
	GlobalSection(ProjectConfigurationPlatforms) = postSolution
		{EACE74BD-7537-4315-88F0-FEE1955172F7}.Debug|Any CPU.ActiveCfg = Debug|Any CPU
		{EACE74BD-7537-4315-88F0-FEE1955172F7}.Debug|Any CPU.Build.0 = Debug|Any CPU
		{EACE74BD-7537-4315-88F0-FEE1955172F7}.Release|Any CPU.ActiveCfg = Release|Any CPU
		{EACE74BD-7537-4315-88F0-FEE1955172F7}.Release|Any CPU.Build.0 = Release|Any CPU
	EndGlobalSection
	GlobalSection(SolutionProperties) = preSolution
		HideSolutionNode = FALSE
	EndGlobalSection
	GlobalSection(ExtensibilityGlobals) = postSolution
		SolutionGuid = {8DA6D78A-02BD-47D0-AFEE-ACBB5A41A676}
	EndGlobalSection
EndGlobal
